
Microsoft Visual Studio Solution File, Format Version 12.00
# Visual Studio Version 17
VisualStudioVersion = 17.14.36518.9
MinimumVisualStudioVersion = 10.0.40219.1
Project("{8BC9CEB8-8B4A-11D0-8D11-00A0C91BC942}") = "CommunityToolkit.Labs.WinUI", "CommunityToolkit.Labs.WinUI\CommunityToolkit.Labs.WinUI.vcxproj", "{8DBDB115-B325-4D42-AECF-50CBF8B7AB3E}"
EndProject
Project("{8BC9CEB8-8B4A-11D0-8D11-00A0C91BC942}") = "CommunityToolkit.WinUI", "CommunityToolkit.WinUI\CommunityToolkit.WinUI.vcxproj", "{17C20E50-8D62-4FC3-8FEB-B64B03A893BE}"
EndProject
Project("{8BC9CEB8-8B4A-11D0-8D11-00A0C91BC942}") = "CommunityToolkit.WinUI.Controls", "CommunityToolkit.WinUI.Controls\CommunityToolkit.WinUI.Controls.vcxproj", "{EF5F53E1-2DDB-4936-A78F-517FC8BE74FF}"
EndProject
Project("{8BC9CEB8-8B4A-11D0-8D11-00A0C91BC942}") = "CommunityToolkit.WinUI.Media", "CommunityToolkit.WinUI.Media\CommunityToolkit.WinUI.Media.vcxproj", "{A8FA1B9A-B83C-408A-8132-C1576B9FCBD5}"
EndProject
Project("{8BC9CEB8-8B4A-11D0-8D11-00A0C91BC942}") = "CommunityToolkit.WinUI.Helpers", "CommunityToolkit.WinUI.Helpers\CommunityToolkit.WinUI.Helpers.vcxproj", "{F8087280-D16F-4D9D-9E17-58AAC733D56D}"
EndProject
Project("{8BC9CEB8-8B4A-11D0-8D11-00A0C91BC942}") = "CommunityToolkit.WinUI.Converters", "CommunityToolkit.WinUI.Converters\CommunityToolkit.WinUI.Converters.vcxproj", "{5F5234F5-2630-47BF-94C7-B2C14301E00E}"
EndProject
Global
	GlobalSection(SolutionConfigurationPlatforms) = preSolution
		Debug|ARM64 = Debug|ARM64
		Debug|x64 = Debug|x64
		Debug|x86 = Debug|x86
		Release|ARM64 = Release|ARM64
		Release|x64 = Release|x64
		Release|x86 = Release|x86
	EndGlobalSection
	GlobalSection(ProjectConfigurationPlatforms) = postSolution
		{8DBDB115-B325-4D42-AECF-50CBF8B7AB3E}.Debug|ARM64.ActiveCfg = Debug|ARM64
		{8DBDB115-B325-4D42-AECF-50CBF8B7AB3E}.Debug|ARM64.Build.0 = Debug|ARM64
		{8DBDB115-B325-4D42-AECF-50CBF8B7AB3E}.Debug|x64.ActiveCfg = Debug|x64
		{8DBDB115-B325-4D42-AECF-50CBF8B7AB3E}.Debug|x64.Build.0 = Debug|x64
		{8DBDB115-B325-4D42-AECF-50CBF8B7AB3E}.Debug|x86.ActiveCfg = Debug|Win32
		{8DBDB115-B325-4D42-AECF-50CBF8B7AB3E}.Debug|x86.Build.0 = Debug|Win32
		{8DBDB115-B325-4D42-AECF-50CBF8B7AB3E}.Release|ARM64.ActiveCfg = Release|ARM64
		{8DBDB115-B325-4D42-AECF-50CBF8B7AB3E}.Release|ARM64.Build.0 = Release|ARM64
		{8DBDB115-B325-4D42-AECF-50CBF8B7AB3E}.Release|x64.ActiveCfg = Release|x64
		{8DBDB115-B325-4D42-AECF-50CBF8B7AB3E}.Release|x64.Build.0 = Release|x64
		{8DBDB115-B325-4D42-AECF-50CBF8B7AB3E}.Release|x86.ActiveCfg = Release|Win32
		{8DBDB115-B325-4D42-AECF-50CBF8B7AB3E}.Release|x86.Build.0 = Release|Win32
		{17C20E50-8D62-4FC3-8FEB-B64B03A893BE}.Debug|ARM64.ActiveCfg = Debug|ARM64
		{17C20E50-8D62-4FC3-8FEB-B64B03A893BE}.Debug|ARM64.Build.0 = Debug|ARM64
		{17C20E50-8D62-4FC3-8FEB-B64B03A893BE}.Debug|x64.ActiveCfg = Debug|x64
		{17C20E50-8D62-4FC3-8FEB-B64B03A893BE}.Debug|x64.Build.0 = Debug|x64
		{17C20E50-8D62-4FC3-8FEB-B64B03A893BE}.Debug|x86.ActiveCfg = Debug|Win32
		{17C20E50-8D62-4FC3-8FEB-B64B03A893BE}.Debug|x86.Build.0 = Debug|Win32
		{17C20E50-8D62-4FC3-8FEB-B64B03A893BE}.Release|ARM64.ActiveCfg = Release|ARM64
		{17C20E50-8D62-4FC3-8FEB-B64B03A893BE}.Release|ARM64.Build.0 = Release|ARM64
		{17C20E50-8D62-4FC3-8FEB-B64B03A893BE}.Release|x64.ActiveCfg = Release|x64
		{17C20E50-8D62-4FC3-8FEB-B64B03A893BE}.Release|x64.Build.0 = Release|x64
		{17C20E50-8D62-4FC3-8FEB-B64B03A893BE}.Release|x86.ActiveCfg = Release|Win32
		{17C20E50-8D62-4FC3-8FEB-B64B03A893BE}.Release|x86.Build.0 = Release|Win32
		{EF5F53E1-2DDB-4936-A78F-517FC8BE74FF}.Debug|ARM64.ActiveCfg = Debug|ARM64
		{EF5F53E1-2DDB-4936-A78F-517FC8BE74FF}.Debug|ARM64.Build.0 = Debug|ARM64
		{EF5F53E1-2DDB-4936-A78F-517FC8BE74FF}.Debug|x64.ActiveCfg = Debug|x64
		{EF5F53E1-2DDB-4936-A78F-517FC8BE74FF}.Debug|x64.Build.0 = Debug|x64
		{EF5F53E1-2DDB-4936-A78F-517FC8BE74FF}.Debug|x86.ActiveCfg = Debug|Win32
		{EF5F53E1-2DDB-4936-A78F-517FC8BE74FF}.Debug|x86.Build.0 = Debug|Win32
		{EF5F53E1-2DDB-4936-A78F-517FC8BE74FF}.Release|ARM64.ActiveCfg = Release|ARM64
		{EF5F53E1-2DDB-4936-A78F-517FC8BE74FF}.Release|ARM64.Build.0 = Release|ARM64
		{EF5F53E1-2DDB-4936-A78F-517FC8BE74FF}.Release|x64.ActiveCfg = Release|x64
		{EF5F53E1-2DDB-4936-A78F-517FC8BE74FF}.Release|x64.Build.0 = Release|x64
		{EF5F53E1-2DDB-4936-A78F-517FC8BE74FF}.Release|x86.ActiveCfg = Release|Win32
		{EF5F53E1-2DDB-4936-A78F-517FC8BE74FF}.Release|x86.Build.0 = Release|Win32
		{A8FA1B9A-B83C-408A-8132-C1576B9FCBD5}.Debug|ARM64.ActiveCfg = Debug|ARM64
		{A8FA1B9A-B83C-408A-8132-C1576B9FCBD5}.Debug|ARM64.Build.0 = Debug|ARM64
		{A8FA1B9A-B83C-408A-8132-C1576B9FCBD5}.Debug|x64.ActiveCfg = Debug|x64
		{A8FA1B9A-B83C-408A-8132-C1576B9FCBD5}.Debug|x64.Build.0 = Debug|x64
		{A8FA1B9A-B83C-408A-8132-C1576B9FCBD5}.Debug|x86.ActiveCfg = Debug|Win32
		{A8FA1B9A-B83C-408A-8132-C1576B9FCBD5}.Debug|x86.Build.0 = Debug|Win32
		{A8FA1B9A-B83C-408A-8132-C1576B9FCBD5}.Release|ARM64.ActiveCfg = Release|ARM64
		{A8FA1B9A-B83C-408A-8132-C1576B9FCBD5}.Release|ARM64.Build.0 = Release|ARM64
		{A8FA1B9A-B83C-408A-8132-C1576B9FCBD5}.Release|x64.ActiveCfg = Release|x64
		{A8FA1B9A-B83C-408A-8132-C1576B9FCBD5}.Release|x64.Build.0 = Release|x64
		{A8FA1B9A-B83C-408A-8132-C1576B9FCBD5}.Release|x86.ActiveCfg = Release|Win32
		{A8FA1B9A-B83C-408A-8132-C1576B9FCBD5}.Release|x86.Build.0 = Release|Win32
		{F8087280-D16F-4D9D-9E17-58AAC733D56D}.Debug|ARM64.ActiveCfg = Debug|ARM64
		{F8087280-D16F-4D9D-9E17-58AAC733D56D}.Debug|ARM64.Build.0 = Debug|ARM64
		{F8087280-D16F-4D9D-9E17-58AAC733D56D}.Debug|x64.ActiveCfg = Debug|x64
		{F8087280-D16F-4D9D-9E17-58AAC733D56D}.Debug|x64.Build.0 = Debug|x64
		{F8087280-D16F-4D9D-9E17-58AAC733D56D}.Debug|x86.ActiveCfg = Debug|Win32
		{F8087280-D16F-4D9D-9E17-58AAC733D56D}.Debug|x86.Build.0 = Debug|Win32
		{F8087280-D16F-4D9D-9E17-58AAC733D56D}.Release|ARM64.ActiveCfg = Release|ARM64
		{F8087280-D16F-4D9D-9E17-58AAC733D56D}.Release|ARM64.Build.0 = Release|ARM64
		{F8087280-D16F-4D9D-9E17-58AAC733D56D}.Release|x64.ActiveCfg = Release|x64
		{F8087280-D16F-4D9D-9E17-58AAC733D56D}.Release|x64.Build.0 = Release|x64
		{F8087280-D16F-4D9D-9E17-58AAC733D56D}.Release|x86.ActiveCfg = Release|Win32
		{F8087280-D16F-4D9D-9E17-58AAC733D56D}.Release|x86.Build.0 = Release|Win32
		{5F5234F5-2630-47BF-94C7-B2C14301E00E}.Debug|ARM64.ActiveCfg = Debug|ARM64
		{5F5234F5-2630-47BF-94C7-B2C14301E00E}.Debug|ARM64.Build.0 = Debug|ARM64
		{5F5234F5-2630-47BF-94C7-B2C14301E00E}.Debug|x64.ActiveCfg = Debug|x64
		{5F5234F5-2630-47BF-94C7-B2C14301E00E}.Debug|x64.Build.0 = Debug|x64
		{5F5234F5-2630-47BF-94C7-B2C14301E00E}.Debug|x86.ActiveCfg = Debug|Win32
		{5F5234F5-2630-47BF-94C7-B2C14301E00E}.Debug|x86.Build.0 = Debug|Win32
		{5F5234F5-2630-47BF-94C7-B2C14301E00E}.Release|ARM64.ActiveCfg = Release|ARM64
		{5F5234F5-2630-47BF-94C7-B2C14301E00E}.Release|ARM64.Build.0 = Release|ARM64
		{5F5234F5-2630-47BF-94C7-B2C14301E00E}.Release|x64.ActiveCfg = Release|x64
		{5F5234F5-2630-47BF-94C7-B2C14301E00E}.Release|x64.Build.0 = Release|x64
		{5F5234F5-2630-47BF-94C7-B2C14301E00E}.Release|x86.ActiveCfg = Release|Win32
		{5F5234F5-2630-47BF-94C7-B2C14301E00E}.Release|x86.Build.0 = Release|Win32
	EndGlobalSection
	GlobalSection(SolutionProperties) = preSolution
		HideSolutionNode = FALSE
	EndGlobalSection
	GlobalSection(ExtensibilityGlobals) = postSolution
		SolutionGuid = {550AA3B5-E218-4420-9C3E-3C2BDBD43988}
	EndGlobalSection
EndGlobal
