<?xml version="1.0" encoding="utf-8"?>
<Project ToolsVersion="15.0" xmlns="http://schemas.microsoft.com/developer/msbuild/2003">
  <ItemGroup>
    <Filter Include="Resources">
      <UniqueIdentifier>accd3aa8-1ba0-4223-9bbe-0c431709210b</UniqueIdentifier>
      <Extensions>rc;ico;cur;bmp;dlg;rc2;rct;bin;rgs;gif;jpg;jpeg;jpe;resx;tga;tiff;tif;png;wav;mfcribbon-ms</Extensions>
    </Filter>
    <Filter Include="Generated Files">
      <UniqueIdentifier>{926ab91d-31b4-48c3-b9a4-e681349f27f0}</UniqueIdentifier>
    </Filter>
  </ItemGroup>
  <ItemGroup>
    <ClCompile Include="pch.cpp" />
    <ClCompile Include="$(GeneratedFilesDir)module.g.cpp" />
    <ClCompile Include="BoolNegationConverter.cpp" />
    <ClCompile Include="BoolToObjectConverter.cpp" />
    <ClCompile Include="BoolToVisibilityConverter.cpp" />
    <ClCompile Include="CollectionVisibilityConverter.cpp" />
    <ClCompile Include="ColorToDisplayNameConverter.cpp" />
    <ClCompile Include="DoubleToObjectConverter.cpp" />
    <ClCompile Include="DoubleToVisibilityConverter.cpp" />
    <ClCompile Include="EmptyCollectionToObjectConverter.cpp" />
    <ClCompile Include="EmptyObjectToObjectConverter.cpp" />
    <ClCompile Include="EmptyStringToObjectConverter.cpp" />
    <ClCompile Include="FileSizeToFriendlyStringConverter.cpp" />
    <ClCompile Include="ResourceNameToResourceStringConverter.cpp" />
    <ClCompile Include="StringFormatConverter.cpp" />
    <ClCompile Include="StringVisibilityConverter.cpp" />
    <ClCompile Include="TypeToObjectConverter.cpp" />
    <ClCompile Include="VisibilityToBoolConverter.cpp" />
  </ItemGroup>
  <ItemGroup>
    <ClInclude Include="pch.h" />
    <ClInclude Include="ConverterTools.h" />
    <ClInclude Include="BoolNegationConverter.h" />
    <ClInclude Include="BoolToObjectConverter.h" />
    <ClInclude Include="BoolToVisibilityConverter.h" />
    <ClInclude Include="CollectionVisibilityConverter.h" />
    <ClInclude Include="ColorToDisplayNameConverter.h" />
    <ClInclude Include="DoubleToObjectConverter.h" />
    <ClInclude Include="DoubleToVisibilityConverter.h" />
    <ClInclude Include="EmptyCollectionToObjectConverter.h" />
    <ClInclude Include="EmptyObjectToObjectConverter.h" />
    <ClInclude Include="EmptyStringToObjectConverter.h" />
    <ClInclude Include="FileSizeToFriendlyStringConverter.h" />
    <ClInclude Include="ResourceNameToResourceStringConverter.h" />
    <ClInclude Include="StringFormatConverter.h" />
    <ClInclude Include="StringVisibilityConverter.h" />
    <ClInclude Include="TypeToObjectConverter.h" />
    <ClInclude Include="VisibilityToBoolConverter.h" />
    <ClInclude Include="winrt_module_imports.h" />
    <ClInclude Include="wil_cppwinrt_module.h" />
  </ItemGroup>
  <ItemGroup>
    <Midl Include="BoolNegationConverter.idl" />
    <Midl Include="BoolToObjectConverter.idl" />
    <Midl Include="BoolToVisibilityConverter.idl" />
    <Midl Include="CollectionVisibilityConverter.idl" />
    <Midl Include="ColorToDisplayNameConverter.idl" />
    <Midl Include="DoubleToObjectConverter.idl" />
    <Midl Include="DoubleToVisibilityConverter.idl" />
    <Midl Include="EmptyCollectionToObjectConverter.idl" />
    <Midl Include="EmptyObjectToObjectConverter.idl" />
    <Midl Include="EmptyStringToObjectConverter.idl" />
    <Midl Include="FileSizeToFriendlyStringConverter.idl" />
    <Midl Include="ResourceNameToResourceStringConverter.idl" />
    <Midl Include="StringFormatConverter.idl" />
    <Midl Include="StringVisibilityConverter.idl" />
    <Midl Include="TypeToObjectConverter.idl" />
    <Midl Include="VisibilityToBoolConverter.idl" />
  </ItemGroup>
  <ItemGroup>
    <None Include="XamlToolkit.WinUI.Converters.def" />
    <None Include="packages.config" />
  </ItemGroup>
  <ItemGroup>
    <Text Include="readme.txt" />
  </ItemGroup>
  <ItemGroup>
    <Natvis Include="$(MSBuildThisFileDirectory)..\..\natvis\wil.natvis" />
    <Natvis Include="$(MSBuildThisFileDirectory)..\..\natvis\wil.natstepfilter" />
  </ItemGroup>
</Project>