<?xml version="1.0" encoding="utf-8"?>
<Project ToolsVersion="15.0" xmlns="http://schemas.microsoft.com/developer/msbuild/2003">
  <ItemGroup>
    <Filter Include="Resources">
      <UniqueIdentifier>accd3aa8-1ba0-4223-9bbe-0c431709210b</UniqueIdentifier>
      <Extensions>rc;ico;cur;bmp;dlg;rc2;rct;bin;rgs;gif;jpg;jpeg;jpe;resx;tga;tiff;tif;png;wav;mfcribbon-ms</Extensions>
    </Filter>
    <Filter Include="Generated Files">
      <UniqueIdentifier>{926ab91d-31b4-48c3-b9a4-e681349f27f0}</UniqueIdentifier>
    </Filter>
    <Filter Include="Select">
      <UniqueIdentifier>{a1b2c3d4-1234-5678-9abc-def012345601}</UniqueIdentifier>
    </Filter>
    <Filter Include="Actions">
      <UniqueIdentifier>{a1b2c3d4-1234-5678-9abc-def012345602}</UniqueIdentifier>
    </Filter>
    <Filter Include="Keyboard">
      <UniqueIdentifier>{a1b2c3d4-1234-5678-9abc-def012345603}</UniqueIdentifier>
    </Filter>
    <Filter Include="Focus">
      <UniqueIdentifier>{a1b2c3d4-1234-5678-9abc-def012345604}</UniqueIdentifier>
    </Filter>
    <Filter Include="Viewport">
      <UniqueIdentifier>{a1b2c3d4-1234-5678-9abc-def012345605}</UniqueIdentifier>
    </Filter>
    <Filter Include="Animations">
      <UniqueIdentifier>{a1b2c3d4-1234-5678-9abc-def012345606}</UniqueIdentifier>
    </Filter>
    <Filter Include="Headers">
      <UniqueIdentifier>{a1b2c3d4-1234-5678-9abc-def012345607}</UniqueIdentifier>
    </Filter>
    <Filter Include="Notification">
      <UniqueIdentifier>{a1b2c3d4-1234-5678-9abc-def012345608}</UniqueIdentifier>
    </Filter>
  </ItemGroup>
  <ItemGroup>
    <ClCompile Include="pch.cpp" />
    <ClCompile Include="$(GeneratedFilesDir)module.g.cpp">
      <Filter>Generated Files</Filter>
    </ClCompile>
    <ClCompile Include="Select\AutoSelectBehavior.cpp">
      <Filter>Select</Filter>
    </ClCompile>
    <ClCompile Include="Actions\NavigateToUriAction.cpp">
      <Filter>Actions</Filter>
    </ClCompile>
    <ClCompile Include="Keyboard\KeyDownTriggerBehavior.cpp">
      <Filter>Keyboard</Filter>
    </ClCompile>
    <ClCompile Include="Focus\FocusTarget.cpp">
      <Filter>Focus</Filter>
    </ClCompile>
    <ClCompile Include="Focus\FocusTargetList.cpp">
      <Filter>Focus</Filter>
    </ClCompile>
    <ClCompile Include="Focus\FocusBehavior.cpp">
      <Filter>Focus</Filter>
    </ClCompile>
    <ClCompile Include="Viewport\ViewportBehavior.cpp">
      <Filter>Viewport</Filter>
    </ClCompile>
    <ClCompile Include="Animations\StartAnimationAction.cpp">
      <Filter>Animations</Filter>
    </ClCompile>
    <ClCompile Include="Animations\StopAnimationAction.cpp">
      <Filter>Animations</Filter>
    </ClCompile>
    <ClCompile Include="Animations\AnimationCompletedTriggerBehavior.cpp">
      <Filter>Animations</Filter>
    </ClCompile>
    <ClCompile Include="Animations\AnimationStartedTriggerBehavior.cpp">
      <Filter>Animations</Filter>
    </ClCompile>
    <ClCompile Include="Headers\FadeHeaderBehavior.cpp">
      <Filter>Headers</Filter>
    </ClCompile>
    <ClCompile Include="Headers\QuickReturnHeaderBehavior.cpp">
      <Filter>Headers</Filter>
    </ClCompile>
    <ClCompile Include="Headers\StickyHeaderBehavior.cpp">
      <Filter>Headers</Filter>
    </ClCompile>
    <ClCompile Include="Notification\Notification.cpp">
      <Filter>Notification</Filter>
    </ClCompile>
    <ClCompile Include="Notification\StackedNotificationsBehavior.cpp">
      <Filter>Notification</Filter>
    </ClCompile>
  </ItemGroup>
  <ItemGroup>
    <ClInclude Include="pch.h" />
    <ClInclude Include="BehaviorBase.h" />
    <ClInclude Include="Helper.h" />
    <ClInclude Include="Select\AutoSelectBehavior.h">
      <Filter>Select</Filter>
    </ClInclude>
    <ClInclude Include="Actions\NavigateToUriAction.h">
      <Filter>Actions</Filter>
    </ClInclude>
    <ClInclude Include="Keyboard\KeyDownTriggerBehavior.h">
      <Filter>Keyboard</Filter>
    </ClInclude>
    <ClInclude Include="Focus\FocusTarget.h">
      <Filter>Focus</Filter>
    </ClInclude>
    <ClInclude Include="Focus\FocusTargetList.h">
      <Filter>Focus</Filter>
    </ClInclude>
    <ClInclude Include="Focus\FocusBehavior.h">
      <Filter>Focus</Filter>
    </ClInclude>
    <ClInclude Include="Viewport\ViewportBehavior.h">
      <Filter>Viewport</Filter>
    </ClInclude>
    <ClInclude Include="Animations\StartAnimationAction.h">
      <Filter>Animations</Filter>
    </ClInclude>
    <ClInclude Include="Animations\StopAnimationAction.h">
      <Filter>Animations</Filter>
    </ClInclude>
    <ClInclude Include="Animations\AnimationCompletedTriggerBehavior.h">
      <Filter>Animations</Filter>
    </ClInclude>
    <ClInclude Include="Animations\AnimationStartedTriggerBehavior.h">
      <Filter>Animations</Filter>
    </ClInclude>
    <ClInclude Include="Headers\FadeHeaderBehavior.h">
      <Filter>Headers</Filter>
    </ClInclude>
    <ClInclude Include="Headers\QuickReturnHeaderBehavior.h">
      <Filter>Headers</Filter>
    </ClInclude>
    <ClInclude Include="Headers\StickyHeaderBehavior.h">
      <Filter>Headers</Filter>
    </ClInclude>
    <ClInclude Include="Notification\Notification.h">
      <Filter>Notification</Filter>
    </ClInclude>
    <ClInclude Include="Notification\StackedNotificationsBehavior.h">
      <Filter>Notification</Filter>
    </ClInclude>
    <ClInclude Include="Headers\HeaderBehaviorBase.h">
      <Filter>Headers</Filter>
    </ClInclude>
    <ClInclude Include="Behavior.h" />
    <ClInclude Include="wil_cppwinrt_module.h" />
    <ClInclude Include="winrt_module_imports.h" />
  </ItemGroup>
  <ItemGroup>
    <Midl Include="Select\AutoSelectBehavior.idl">
      <Filter>Select</Filter>
    </Midl>
    <Midl Include="Actions\NavigateToUriAction.idl">
      <Filter>Actions</Filter>
    </Midl>
    <Midl Include="Keyboard\KeyDownTriggerBehavior.idl">
      <Filter>Keyboard</Filter>
    </Midl>
    <Midl Include="Focus\FocusTarget.idl">
      <Filter>Focus</Filter>
    </Midl>
    <Midl Include="Focus\FocusTargetList.idl">
      <Filter>Focus</Filter>
    </Midl>
    <Midl Include="Focus\FocusBehavior.idl">
      <Filter>Focus</Filter>
    </Midl>
    <Midl Include="Viewport\ViewportBehavior.idl">
      <Filter>Viewport</Filter>
    </Midl>
    <Midl Include="Animations\StartAnimationAction.idl">
      <Filter>Animations</Filter>
    </Midl>
    <Midl Include="Animations\StopAnimationAction.idl">
      <Filter>Animations</Filter>
    </Midl>
    <Midl Include="Animations\AnimationCompletedTriggerBehavior.idl">
      <Filter>Animations</Filter>
    </Midl>
    <Midl Include="Animations\AnimationStartedTriggerBehavior.idl">
      <Filter>Animations</Filter>
    </Midl>
    <Midl Include="Headers\FadeHeaderBehavior.idl">
      <Filter>Headers</Filter>
    </Midl>
    <Midl Include="Headers\QuickReturnHeaderBehavior.idl">
      <Filter>Headers</Filter>
    </Midl>
    <Midl Include="Headers\StickyHeaderBehavior.idl">
      <Filter>Headers</Filter>
    </Midl>
    <Midl Include="Notification\Notification.idl">
      <Filter>Notification</Filter>
    </Midl>
    <Midl Include="Notification\StackedNotificationsBehavior.idl">
      <Filter>Notification</Filter>
    </Midl>
    <Midl Include="Animations\InvokeActionsActivity.idl">
      <Filter>Animations</Filter>
    </Midl>
  </ItemGroup>
  <ItemGroup>
    <None Include="XamlToolkit.WinUI.Behaviors.def" />
  </ItemGroup>
</Project>