<?xml version="1.0" encoding="utf-8"?>
<Project ToolsVersion="15.0" xmlns="http://schemas.microsoft.com/developer/msbuild/2003">
  <ItemGroup>
    <Filter Include="Resources">
      <UniqueIdentifier>accd3aa8-1ba0-4223-9bbe-0c431709210b</UniqueIdentifier>
      <Extensions>
        rc;ico;cur;bmp;dlg;rc2;rct;bin;rgs;gif;jpg;jpeg;jpe;resx;tga;tiff;tif;png;wav;mfcribbon-ms</Extensions>
    </Filter>
    <Filter Include="Generated Files">
      <UniqueIdentifier>{926ab91d-31b4-48c3-b9a4-e681349f27f0}</UniqueIdentifier>
    </Filter>
    <Filter Include="Themes">
      <UniqueIdentifier>{784c3e52-fb0d-493f-baec-8ac506eeec14}</UniqueIdentifier>
    </Filter>
    <Filter Include="MarkdownTextBlock">
      <UniqueIdentifier>{866a6f12-2e10-415e-8dad-fbe6363cd721}</UniqueIdentifier>
    </Filter>
    <Filter Include="MarkdownTextBlock\Renderers">
      <UniqueIdentifier>{e6d812fb-8e4a-41de-9674-3864595a2bb9}</UniqueIdentifier>
    </Filter>
    <Filter Include="MarkdownTextBlock\TextElements">
      <UniqueIdentifier>{1f66107a-7adc-43c0-ab87-179e66ac4292}</UniqueIdentifier>
    </Filter>
    <Filter Include="MarkdownTextBlock\TextElements\Html">
      <UniqueIdentifier>{54426880-db2b-4038-8b89-8f63dc932ea5}</UniqueIdentifier>
    </Filter>
    <Filter Include="OpacityMaskView">
      <UniqueIdentifier>{484709ad-47e5-446c-8af8-5e8602717e67}</UniqueIdentifier>
    </Filter>
    <Filter Include="MarkdownTextBlock\md4c">
      <UniqueIdentifier>{34738bd7-967d-4fa8-9a91-cc059fd3f8f7}</UniqueIdentifier>
    </Filter>
    <Filter Include="Marquee">
      <UniqueIdentifier>{0ea4d0a5-e3c3-4842-8d9b-93852d19e29f}</UniqueIdentifier>
    </Filter>
    <Filter Include="Shimmer">
      <UniqueIdentifier>{791e5847-c159-4e1f-8fd4-ee797ec72587}</UniqueIdentifier>
    </Filter>
    <Filter Include="TokenView">
      <UniqueIdentifier>{62cb0688-e3f5-4b12-bbb4-8a204cdc4302}</UniqueIdentifier>
    </Filter>
    <Filter Include="Ribbon">
      <UniqueIdentifier>{78144e16-b901-422e-bfde-777818ea3e75}</UniqueIdentifier>
    </Filter>
    <Filter Include="CanvasLayout">
      <UniqueIdentifier>{0aaea3e6-cbcb-4a8c-b667-a04cdbee12e2}</UniqueIdentifier>
    </Filter>
    <Filter Include="Adorners">
      <UniqueIdentifier>{2a89cc61-1f3f-4524-b18f-1cdc908e7b0f}</UniqueIdentifier>
    </Filter>
    <Filter Include="Adorners\Helpers">
      <UniqueIdentifier>{6baa9119-43e7-4021-abef-0cedae44ca20}</UniqueIdentifier>
    </Filter>
    <Filter Include="Adorners\ResizeElement">
      <UniqueIdentifier>{2adaf538-e91b-4526-acfb-efd1d385edc7}</UniqueIdentifier>
    </Filter>
    <Filter Include="Adorners\ResizeElement\Thumb">
      <UniqueIdentifier>{9187c797-8e4f-4570-b186-7495088f6c0f}</UniqueIdentifier>
    </Filter>
    <Filter Include="DataTable">
      <UniqueIdentifier>{91eba54e-0dbc-46e3-ba96-9df36b9a1cdd}</UniqueIdentifier>
    </Filter>
    <Filter Include="ColorAnalyzer">
      <UniqueIdentifier>{e72d3352-964f-417f-bea7-b1af28758087}</UniqueIdentifier>
    </Filter>
    <Filter Include="ColorAnalyzer\ContrastHelper">
      <UniqueIdentifier>{3050e2a4-927f-47bc-a45e-601037f7ede6}</UniqueIdentifier>
    </Filter>
    <Filter Include="ColorAnalyzer\ColorPaletteSampler">
      <UniqueIdentifier>{32bdd3a3-6df7-4b38-968d-a16ffbbd2ab7}</UniqueIdentifier>
    </Filter>
    <Filter Include="ColorAnalyzer\ColorSources">
      <UniqueIdentifier>{35b821a0-6a94-4188-807a-29115ad251dd}</UniqueIdentifier>
    </Filter>
    <Filter Include="ColorAnalyzer\PaletteSelectors">
      <UniqueIdentifier>{a9ff7377-7a2f-46bd-a233-6ca5a5327dee}</UniqueIdentifier>
    </Filter>
    <Filter Include="WrapPanel2">
      <UniqueIdentifier>{ceabdae7-8da1-478e-a4e2-6333679f0be3}</UniqueIdentifier>
    </Filter>
    <Filter Include="MarkdownTextBlock\Highlight">
      <UniqueIdentifier>{c7dcbed7-4535-4a59-bdff-6eea799c307a}</UniqueIdentifier>
    </Filter>
    <Filter Include="MarkdownTextBlock\Highlight\cpp">
      <UniqueIdentifier>{39abd8a8-ac92-444b-b95c-58bc6379e799}</UniqueIdentifier>
    </Filter>
    <Filter Include="MarkdownTextBlock\Highlight\csharp">
      <UniqueIdentifier>{14e4391b-0fe9-4831-ad6f-9e8495314961}</UniqueIdentifier>
    </Filter>
    <Filter Include="MarkdownTextBlock\Highlight\xml">
      <UniqueIdentifier>{c9d2f476-2162-4e43-b4c9-e5b3656c522c}</UniqueIdentifier>
    </Filter>
    <Filter Include="MarkdownTextBlock\Highlight\bash">
      <UniqueIdentifier>{fc03315d-e191-44f6-be6b-4aba95711a0b}</UniqueIdentifier>
    </Filter>
    <Filter Include="MarkdownTextBlock\Highlight\json">
      <UniqueIdentifier>{8c2194e5-1915-48a9-b782-f652919967b0}</UniqueIdentifier>
    </Filter>
    <Filter Include="MarkdownTextBlock\Highlight\rust">
      <UniqueIdentifier>{3a7a3615-08d1-4ecd-9a19-212ff1c098a1}</UniqueIdentifier>
    </Filter>
    <Filter Include="MarkdownTextBlock\Highlight\midl3">
      <UniqueIdentifier>{B1C2D3E4-7A3B-4B56-9C11-2D6E9A7F4C10}</UniqueIdentifier>
    </Filter>
    <Filter Include="GradientSlider">
      <UniqueIdentifier>{fc44c88e-0a41-479a-baef-c846857523d5}</UniqueIdentifier>
    </Filter>
    <Filter Include="TransitionHelper">
      <UniqueIdentifier>{2e2e0d6c-c7a8-4782-bc11-cf1c0044bd97}</UniqueIdentifier>
    <Filter Include="Styles">
      <UniqueIdentifier>{d99c4fba-6690-4b36-99d2-49c516671813}</UniqueIdentifier>
    </Filter>
  </ItemGroup>
  <ItemGroup>
    <ClCompile Include="pch.cpp" />
    <ClCompile Include="$(GeneratedFilesDir)module.g.cpp" />
    <ClCompile Include="MarkdownTextBlock\Highlight\cpp\cpp_parser.c">
      <Filter>MarkdownTextBlock\Highlight\cpp</Filter>
    </ClCompile>
    <ClCompile Include="MarkdownTextBlock\Highlight\cpp\cpp_scanner.c">
      <Filter>MarkdownTextBlock\Highlight\cpp</Filter>
    </ClCompile>
    <ClCompile Include="OpacityMaskView\OpacityMaskView.cpp">
      <Filter>OpacityMaskView</Filter>
    </ClCompile>
    <ClCompile Include="MarkdownTextBlock\LinkClickedEventArgs.cpp">
      <Filter>MarkdownTextBlock</Filter>
    </ClCompile>
    <ClCompile Include="MarkdownTextBlock\Highlight\csharp\csharp_parser.c">
      <Filter>MarkdownTextBlock\Highlight\csharp</Filter>
    </ClCompile>
    <ClCompile Include="MarkdownTextBlock\Highlight\csharp\csharp_scanner.c">
      <Filter>MarkdownTextBlock\Highlight\csharp</Filter>
    </ClCompile>
    <ClCompile Include="MarkdownTextBlock\Highlight\xml\xml_parser.c">
      <Filter>MarkdownTextBlock\Highlight\xml</Filter>
    </ClCompile>
    <ClCompile Include="MarkdownTextBlock\Highlight\xml\xml_scanner.c">
      <Filter>MarkdownTextBlock\Highlight\xml</Filter>
    </ClCompile>
    <ClCompile Include="MarkdownTextBlock\Highlight\bash\bash_parser.c">
      <Filter>MarkdownTextBlock\Highlight\bash</Filter>
    </ClCompile>
    <ClCompile Include="MarkdownTextBlock\Highlight\bash\bash_scanner.c">
      <Filter>MarkdownTextBlock\Highlight\bash</Filter>
    </ClCompile>
    <ClCompile Include="MarkdownTextBlock\Highlight\json\json_parser.c">
      <Filter>MarkdownTextBlock\Highlight\json</Filter>
    </ClCompile>
    <ClCompile Include="MarkdownTextBlock\TextElements\MdTableUIElement.cpp">
      <Filter>MarkdownTextBlock\TextElements</Filter>
    </ClCompile>
    <ClCompile Include="MarkdownTextBlock\Renderer\WinUIRenderer.cpp">
      <Filter>MarkdownTextBlock\Renderers</Filter>
    </ClCompile>
    <ClCompile Include="MarkdownTextBlock\Extension.cpp">
      <Filter>MarkdownTextBlock</Filter>
    </ClCompile>
    <ClCompile Include="MarkdownTextBlock\Highlight\ISyntaxHighlighter.cpp">
      <Filter>MarkdownTextBlock\Highlight</Filter>
    </ClCompile>
    <ClCompile Include="MarkdownTextBlock\Highlight\cpp\cpp_scm.cpp">
      <Filter>MarkdownTextBlock\Highlight\cpp</Filter>
    </ClCompile>
    <ClCompile Include="MarkdownTextBlock\Highlight\bash\bash_scm.cpp">
      <Filter>MarkdownTextBlock\Highlight\bash</Filter>
    </ClCompile>
    <ClCompile Include="MarkdownTextBlock\Highlight\json\json_scm.cpp">
      <Filter>MarkdownTextBlock\Highlight\json</Filter>
    </ClCompile>
    <ClCompile Include="MarkdownTextBlock\Highlight\csharp\csharp_scm.cpp">
      <Filter>MarkdownTextBlock\Highlight\csharp</Filter>
    </ClCompile>
    <ClCompile Include="MarkdownTextBlock\Highlight\xml\xml_scm.cpp">
      <Filter>MarkdownTextBlock\Highlight\xml</Filter>
    </ClCompile>
    <ClCompile Include="MarkdownTextBlock\md4c\md4c.c">
      <Filter>MarkdownTextBlock\md4c</Filter>
    </ClCompile>
    <ClCompile Include="Marquee\Marquee.cpp">
      <Filter>Marquee</Filter>
    </ClCompile>
    <ClCompile Include="Shimmer\Shimmer.cpp">
      <Filter>Shimmer</Filter>
    </ClCompile>
    <ClCompile Include="TokenView\TokenView.cpp">
      <Filter>TokenView</Filter>
    </ClCompile>
    <ClCompile Include="TokenView\TokenItem.cpp">
      <Filter>TokenView</Filter>
    </ClCompile>
    <ClCompile Include="TokenView\TokenView.Events.cpp">
      <Filter>TokenView</Filter>
    </ClCompile>
    <ClCompile Include="TokenView\TokenView.ItemsSource.cpp">
      <Filter>TokenView</Filter>
    </ClCompile>
    <ClCompile Include="TokenView\TokenView.Selection.cpp">
      <Filter>TokenView</Filter>
    </ClCompile>
    <ClCompile Include="Ribbon\Ribbon.cpp">
      <Filter>Ribbon</Filter>
    </ClCompile>
    <ClCompile Include="Ribbon\RibbonGroup.cpp">
      <Filter>Ribbon</Filter>
    </ClCompile>
    <ClCompile Include="Ribbon\RibbonCollapsibleGroup.cpp">
      <Filter>Ribbon</Filter>
    </ClCompile>
    <ClCompile Include="MarkdownTextBlock\Highlight\rust\rust_parser.c">
      <Filter>MarkdownTextBlock\Highlight\rust</Filter>
    </ClCompile>
    <ClCompile Include="MarkdownTextBlock\Highlight\rust\rust_scanner.c">
      <Filter>MarkdownTextBlock\Highlight\rust</Filter>
    </ClCompile>
    <ClCompile Include="MarkdownTextBlock\Highlight\rust\rust_scm.cpp">
      <Filter>MarkdownTextBlock\Highlight\rust</Filter>
    </ClCompile>
    <ClCompile Include="Adorners\Adorner.cpp">
      <Filter>Adorners</Filter>
    </ClCompile>
    <ClCompile Include="Adorners\AdornerDecorator.cpp">
      <Filter>Adorners</Filter>
    </ClCompile>
    <ClCompile Include="Adorners\ResizeElement\ResizeElementAdorner.cpp">
      <Filter>Adorners\ResizeElement</Filter>
    </ClCompile>
    <ClCompile Include="Adorners\ResizeElement\Thumb\ResizeThumb.cpp">
      <Filter>Adorners\ResizeElement\Thumb</Filter>
    </ClCompile>
    <ClCompile Include="Adorners\ResizeElement\Thumb\ResizeThumb.Helpers.cpp">
      <Filter>Adorners\ResizeElement\Thumb</Filter>
    </ClCompile>
    <ClCompile Include="Adorners\ResizeElement\Thumb\ResizeThumb.Properties.cpp">
      <Filter>Adorners\ResizeElement\Thumb</Filter>
    </ClCompile>
    <ClCompile Include="DataTable\DataColumn.cpp">
      <Filter>DataTable</Filter>
    </ClCompile>
    <ClCompile Include="ColorAnalyzer\ColorExtensions.cpp">
      <Filter>ColorAnalyzer</Filter>
    </ClCompile>
    <ClCompile Include="ColorAnalyzer\ContrastHelper\ContrastHelper.Callbacks.cpp">
      <Filter>ColorAnalyzer\ContrastHelper</Filter>
    </ClCompile>
    <ClCompile Include="ColorAnalyzer\ContrastHelper\ContrastHelper.Properties.cpp">
      <Filter>ColorAnalyzer\ContrastHelper</Filter>
    </ClCompile>
    <ClCompile Include="ColorAnalyzer\ColorPaletteSampler\ColorPaletteSampler.Properties.cpp">
      <Filter>ColorAnalyzer\ColorPaletteSampler</Filter>
    </ClCompile>
    <ClCompile Include="ColorAnalyzer\ColorPaletteSampler\ColorPaletteSampler.KMeans.cpp">
      <Filter>ColorAnalyzer\ColorPaletteSampler</Filter>
    </ClCompile>
    <ClCompile Include="MarkdownTextBlock\Highlight\midl3\midl3_parser.c">
      <Filter>MarkdownTextBlock\Highlight\midl3</Filter>
    </ClCompile>
    <ClCompile Include="MarkdownTextBlock\Highlight\midl3\midl3_scm.cpp">
      <Filter>MarkdownTextBlock\Highlight\midl3</Filter>
    </ClCompile>
    <ClCompile Include="XamlTypeInfo.module.cpp" />
    <ClCompile Include="XamlTypeInfo.Impl.module.cpp" />
    <ClCompile Include="XamlMetaDataProvider.module.cpp" />
    <ClCompile Include="GradientSlider\GradientSlider.cpp">
      <Filter>GradientSlider</Filter>
    </ClCompile>
    <ClCompile Include="GradientSlider\GradientSlider.Events.cpp">
      <Filter>GradientSlider</Filter>
    </ClCompile>
    <ClCompile Include="GradientSlider\GradientSlider.Properties.cpp">
      <Filter>GradientSlider</Filter>
    </ClCompile>
    <ClCompile Include="GradientSlider\GradientSliderThumb.cpp">
      <Filter>GradientSlider</Filter>
    </ClCompile>
    <ClCompile Include="GradientSlider\GradientSliderThumb.Events.cpp">
      <Filter>GradientSlider</Filter>
    </ClCompile>
    <ClCompile Include="GradientSlider\GradientSlider.Input.cpp">
      <Filter>GradientSlider</Filter>
    </ClCompile>
    <ClCompile Include="TransitionHelper\ReverseTransitionAction.cpp">
      <Filter>TransitionHelper</Filter>
    </ClCompile>
    <ClCompile Include="TransitionHelper\StartTransitionAction.cpp">
      <Filter>TransitionHelper</Filter>
    </ClCompile>
    <ClCompile Include="TransitionHelper\TransitionConfig.cpp">
      <Filter>TransitionHelper</Filter>
    </ClCompile>
    <ClCompile Include="TransitionHelper\TransitionHelper.cpp">
      <Filter>TransitionHelper</Filter>
    </ClCompile>
  </ItemGroup>
  <ItemGroup>
    <ClInclude Include="pch.h" />
    <ClInclude Include="MarkdownTextBlock\TextElements\IAddChild.h">
      <Filter>MarkdownTextBlock\TextElements</Filter>
    </ClInclude>
    <ClInclude Include="MarkdownTextBlock\DefaultSVGRenderer.h">
      <Filter>MarkdownTextBlock</Filter>
    </ClInclude>
    <ClInclude Include="MarkdownTextBlock\LinkClickedEventArgs.h">
      <Filter>MarkdownTextBlock</Filter>
    </ClInclude>
    <ClInclude Include="MarkdownTextBlock\Highlight\ISyntaxHighlighter.h">
      <Filter>MarkdownTextBlock\Highlight</Filter>
    </ClInclude>
    <ClInclude Include="MarkdownTextBlock\TextElements\MdTableUIElement.h">
      <Filter>MarkdownTextBlock\TextElements</Filter>
    </ClInclude>
    <ClInclude Include="MarkdownTextBlock\TextElements\MdAutolinkInline.h">
      <Filter>MarkdownTextBlock\TextElements</Filter>
    </ClInclude>
    <ClInclude Include="MarkdownTextBlock\TextElements\MdBlockContainer.h">
      <Filter>MarkdownTextBlock\TextElements</Filter>
    </ClInclude>
    <ClInclude Include="MarkdownTextBlock\TextElements\MdCodeBlock.h">
      <Filter>MarkdownTextBlock\TextElements</Filter>
    </ClInclude>
    <ClInclude Include="MarkdownTextBlock\TextElements\MdEmphasisInline.h">
      <Filter>MarkdownTextBlock\TextElements</Filter>
    </ClInclude>
    <ClInclude Include="MarkdownTextBlock\TextElements\MdFlowDocument.h">
      <Filter>MarkdownTextBlock\TextElements</Filter>
    </ClInclude>
    <ClInclude Include="MarkdownTextBlock\TextElements\MdHeading.h">
      <Filter>MarkdownTextBlock\TextElements</Filter>
    </ClInclude>
    <ClInclude Include="MarkdownTextBlock\TextElements\MdHyperlink.h">
      <Filter>MarkdownTextBlock\TextElements</Filter>
    </ClInclude>
    <ClInclude Include="MarkdownTextBlock\TextElements\MdHyperlinkButton.h">
      <Filter>MarkdownTextBlock\TextElements</Filter>
    </ClInclude>
    <ClInclude Include="MarkdownTextBlock\TextElements\MdHyperlinkNode.h">
      <Filter>MarkdownTextBlock\TextElements</Filter>
    </ClInclude>
    <ClInclude Include="MarkdownTextBlock\TextElements\MdImage.h">
      <Filter>MarkdownTextBlock\TextElements</Filter>
    </ClInclude>
    <ClInclude Include="MarkdownTextBlock\TextElements\Html\MdInline.h">
      <Filter>MarkdownTextBlock\TextElements</Filter>
    </ClInclude>
    <ClInclude Include="MarkdownTextBlock\TextElements\MdInlineCode.h">
      <Filter>MarkdownTextBlock\TextElements</Filter>
    </ClInclude>
    <ClInclude Include="MarkdownTextBlock\TextElements\MdInlineText.h">
      <Filter>MarkdownTextBlock\TextElements</Filter>
    </ClInclude>
    <ClInclude Include="MarkdownTextBlock\TextElements\MdLineBreak.h">
      <Filter>MarkdownTextBlock\TextElements</Filter>
    </ClInclude>
    <ClInclude Include="MarkdownTextBlock\TextElements\MdList.h">
      <Filter>MarkdownTextBlock\TextElements</Filter>
    </ClInclude>
    <ClInclude Include="MarkdownTextBlock\TextElements\MdListItem.h">
      <Filter>MarkdownTextBlock\TextElements</Filter>
    </ClInclude>
    <ClInclude Include="MarkdownTextBlock\TextElements\MdParagraph.h">
      <Filter>MarkdownTextBlock\TextElements</Filter>
    </ClInclude>
    <ClInclude Include="MarkdownTextBlock\TextElements\MdQuote.h">
      <Filter>MarkdownTextBlock\TextElements</Filter>
    </ClInclude>
    <ClInclude Include="MarkdownTextBlock\TextElements\MdTable.h">
      <Filter>MarkdownTextBlock\TextElements</Filter>
    </ClInclude>
    <ClInclude Include="MarkdownTextBlock\TextElements\MdTableCell.h">
      <Filter>MarkdownTextBlock\TextElements</Filter>
    </ClInclude>
    <ClInclude Include="MarkdownTextBlock\TextElements\MdTableRow.h">
      <Filter>MarkdownTextBlock\TextElements</Filter>
    </ClInclude>
    <ClInclude Include="MarkdownTextBlock\TextElements\MdTaskListCheckBox.h">
      <Filter>MarkdownTextBlock\TextElements</Filter>
    </ClInclude>
    <ClInclude Include="MarkdownTextBlock\TextElements\MdThematicBreak.h">
      <Filter>MarkdownTextBlock\TextElements</Filter>
    </ClInclude>
    <ClInclude Include="MarkdownTextBlock\TextElements\Html\MdBlock.h">
      <Filter>MarkdownTextBlock\TextElements\Html</Filter>
    </ClInclude>
    <ClInclude Include="MarkdownTextBlock\TextElements\Html\MdDetails.h">
      <Filter>MarkdownTextBlock\TextElements\Html</Filter>
    </ClInclude>
    <ClInclude Include="MarkdownTextBlock\Renderer\WinUIRenderer.h">
      <Filter>MarkdownTextBlock\Renderers</Filter>
    </ClInclude>
    <ClInclude Include="MarkdownTextBlock\TextElements\HtmlElementType.h">
      <Filter>MarkdownTextBlock\TextElements\Html</Filter>
    </ClInclude>
    <ClInclude Include="MarkdownTextBlock\Extension.h">
      <Filter>MarkdownTextBlock</Filter>
    </ClInclude>
    <ClInclude Include="MarkdownTextBlock\md4c\md4c.h">
      <Filter>MarkdownTextBlock\md4c</Filter>
    </ClInclude>
    <ClInclude Include="ControlHelpers.h" />
    <ClInclude Include="Adorners\ResizeElement\Thumb\TargetControlResizedEventArgs.h">
      <Filter>Adorners\ResizeElement\Thumb</Filter>
    </ClInclude>
    <ClInclude Include="ColorAnalyzer\ColorExtensions.h">
      <Filter>ColorAnalyzer</Filter>
    </ClInclude>
    <ClInclude Include="ColorAnalyzer\PaletteSelectors\ColorPaletteSelectorExtensions.h">
      <Filter>ColorAnalyzer\PaletteSelectors</Filter>
    </ClInclude>
    <ClInclude Include="ColorAnalyzer\ColorPaletteSampler\ColorPaletteSampler.DBScan.h">
      <Filter>ColorAnalyzer\ColorPaletteSampler</Filter>
    </ClInclude>
    <ClInclude Include="wil_cppwinrt_module.h" />
    <ClInclude Include="winrt_module_imports.h" />
    <ClInclude Include="TransitionHelper\ReverseTransitionAction.h">
      <Filter>TransitionHelper</Filter>
    </ClInclude>
    <ClInclude Include="TransitionHelper\StartTransitionAction.h">
      <Filter>TransitionHelper</Filter>
    </ClInclude>
    <ClInclude Include="TransitionHelper\TransitionConfig.h">
      <Filter>TransitionHelper</Filter>
    </ClInclude>
    <ClInclude Include="TransitionHelper\TransitionHelper.h">
      <Filter>TransitionHelper</Filter>
    </ClInclude>
  </ItemGroup>
  <ItemGroup>
    <Midl Include="MarkdownTextBlock\MarkdownTextBlock.idl">
      <Filter>MarkdownTextBlock</Filter>
    </Midl>
    <Midl Include="MarkdownTextBlock\MarkdownConfig.idl">
      <Filter>MarkdownTextBlock</Filter>
    </Midl>
    <Midl Include="MarkdownTextBlock\LinkClickedEventArgs.idl">
      <Filter>MarkdownTextBlock</Filter>
    </Midl>
    <Midl Include="MarkdownTextBlock\TextElements\MdTableUIElement.idl">
      <Filter>MarkdownTextBlock\TextElements</Filter>
    </Midl>
    <Midl Include="MarkdownTextBlock\MarkdownThemes.idl">
      <Filter>MarkdownTextBlock</Filter>
    </Midl>
    <Midl Include="TokenView\TokenItemRemovingEventArgs.idl">
      <Filter>TokenView</Filter>
    </Midl>
    <Midl Include="Ribbon\RibbonPanel.idl">
      <Filter>Ribbon</Filter>
    </Midl>
    <Midl Include="Ribbon\DoubleVector.idl">
      <Filter>Ribbon</Filter>
    </Midl>
    <Midl Include="CanvasLayout\CanvasLayout.idl">
      <Filter>CanvasLayout</Filter>
    </Midl>
    <Midl Include="Adorners\AdornerLayer.idl">
      <Filter>Adorners</Filter>
    </Midl>
    <Midl Include="DataTable\DataTable.idl">
      <Filter>DataTable</Filter>
    </Midl>
    <Midl Include="DataTable\DataRow.idl">
      <Filter>DataTable</Filter>
    </Midl>
    <Midl Include="ColorAnalyzer\ContrastHelper\ContrastHelper.idl">
      <Filter>ColorAnalyzer\ContrastHelper</Filter>
    </Midl>
    <Midl Include="ColorAnalyzer\ColorPaletteSampler\ColorPaletteSampler.idl">
      <Filter>ColorAnalyzer\ColorPaletteSampler</Filter>
    </Midl>
    <Midl Include="ColorAnalyzer\ColorSources\ColorSource.idl">
      <Filter>ColorAnalyzer\ColorSources</Filter>
    </Midl>
    <Midl Include="ColorAnalyzer\ColorSources\StreamColorSource.idl">
      <Filter>ColorAnalyzer\ColorSources</Filter>
    </Midl>
    <Midl Include="ColorAnalyzer\ColorSources\UIColorSource.idl">
      <Filter>ColorAnalyzer\ColorSources</Filter>
    </Midl>
    <Midl Include="ColorAnalyzer\ColorSources\UrlColorSource.idl">
      <Filter>ColorAnalyzer\ColorSources</Filter>
    </Midl>
    <Midl Include="ColorAnalyzer\PaletteSelectors\ColorWeightPaletteSelector.idl">
      <Filter>ColorAnalyzer\PaletteSelectors</Filter>
    </Midl>
    <Midl Include="ColorAnalyzer\PaletteSelectors\BaseColorPaletteSelector.idl">
      <Filter>ColorAnalyzer\PaletteSelectors</Filter>
    </Midl>
    <Midl Include="ColorAnalyzer\PaletteSelectors\ColorPaletteSelector.idl">
      <Filter>ColorAnalyzer\PaletteSelectors</Filter>
    </Midl>
    <Midl Include="ColorAnalyzer\PaletteSelectors\AccentColorPaletteSelector.idl">
      <Filter>ColorAnalyzer\PaletteSelectors</Filter>
    </Midl>
    <Midl Include="WrapPanel2\WrapPanel2.idl">
      <Filter>WrapPanel2</Filter>
    </Midl>
    <Midl Include="TransitionHelper\ReverseTransitionAction.idl">
      <Filter>TransitionHelper</Filter>
    </Midl>
    <Midl Include="TransitionHelper\ScaleMode.idl">
      <Filter>TransitionHelper</Filter>
    </Midl>
    <Midl Include="TransitionHelper\StartTransitionAction.idl">
      <Filter>TransitionHelper</Filter>
    </Midl>
    <Midl Include="TransitionHelper\TransitionConfig.idl">
      <Filter>TransitionHelper</Filter>
    </Midl>
    <Midl Include="TransitionHelper\TransitionHelper.idl">
      <Filter>TransitionHelper</Filter>
    </Midl>
    <Midl Include="TransitionHelper\VisualStateToggleMethod.idl">
      <Filter>TransitionHelper</Filter>
    </Midl>
    <Midl Include="TransitionHelper\IScalingCalculator.idl">
      <Filter>TransitionHelper</Filter>
    <Midl Include="Styles\NavigationViewItemAttach.idl">
      <Filter>Styles</Filter>
    </Midl>
  </ItemGroup>
  <ItemGroup>
    <None Include="XamlToolkit.Labs.WinUI.def" />
    <None Include="MarkdownTextBlock\Highlight\cpp\highlights.scm">
      <Filter>MarkdownTextBlock\Highlight\cpp</Filter>
    </None>
    <None Include="MarkdownTextBlock\Highlight\csharp\highlights.scm">
      <Filter>MarkdownTextBlock\Highlight\csharp</Filter>
    </None>
    <None Include="MarkdownTextBlock\Highlight\json\highlights.scm">
      <Filter>MarkdownTextBlock\Highlight\json</Filter>
    </None>
    <None Include="MarkdownTextBlock\Highlight\bash\highlights.scm">
      <Filter>MarkdownTextBlock\Highlight\bash</Filter>
    </None>
    <None Include="MarkdownTextBlock\Highlight\xml\highlights.scm">
      <Filter>MarkdownTextBlock\Highlight\xml</Filter>
    </None>
    <None Include="MarkdownTextBlock\md4c\LICENSE.md">
      <Filter>MarkdownTextBlock\md4c</Filter>
    </None>
    <None Include="MarkdownTextBlock\Highlight\rust\highlights.scm">
      <Filter>MarkdownTextBlock\Highlight\rust</Filter>
    </None>
    <None Include="Adorners\Helpers\FrameworkElementExtensions.WaitUntilLoaded.h">
      <Filter>Adorners\Helpers</Filter>
    </None>
    <None Include="MarkdownTextBlock\Highlight\midl3\highlights.scm">
      <Filter>MarkdownTextBlock\Highlight\midl3</Filter>
    </None>
  </ItemGroup>
  <ItemGroup>
    <Page Include="Themes\Generic.xaml">
      <Filter>Themes</Filter>
    </Page>
    <Page Include="OpacityMaskView\OpacityMaskView.xaml">
      <Filter>OpacityMaskView</Filter>
    </Page>
    <Page Include="MarkdownTextBlock\MarkdownTextBlock.xaml">
      <Filter>MarkdownTextBlock</Filter>
    </Page>
    <Page Include="Marquee\Marquee.xaml">
      <Filter>Marquee</Filter>
    </Page>
    <Page Include="Shimmer\Shimmer.xaml">
      <Filter>Shimmer</Filter>
    </Page>
    <Page Include="TokenView\TokenItem.xaml">
      <Filter>TokenView</Filter>
    </Page>
    <Page Include="TokenView\TokenView.xaml">
      <Filter>TokenView</Filter>
    </Page>
    <Page Include="Ribbon\RibbonStyle.xaml">
      <Filter>Ribbon</Filter>
    </Page>
    <Page Include="Adorners\Adorner.xaml">
      <Filter>Adorners</Filter>
    </Page>
    <Page Include="Adorners\AdornerDecorator.xaml">
      <Filter>Adorners</Filter>
    </Page>
    <Page Include="Adorners\ResizeElement\Thumb\ResizeThumb.xaml">
      <Filter>Adorners\ResizeElement\Thumb</Filter>
    </Page>
    <Page Include="Adorners\ResizeElement\ResizeElementAdorner.xaml">
      <Filter>Adorners\ResizeElement</Filter>
    </Page>
    <Page Include="DataTable\DataColumn.xaml">
      <Filter>DataTable</Filter>
    </Page>
    <Page Include="GradientSlider\GradientSliderStyle.xaml">
      <Filter>GradientSlider</Filter>
    </Page>
    <Page Include="GradientSlider\GradientSliderThumbStyle.xaml">
      <Filter>GradientSlider</Filter>
    </Page>
    <Page Include="Styles\StoreNavigationViewStyle.xaml">
      <Filter>Styles</Filter>
    </Page>
  </ItemGroup>
</Project>